
Microsoft Visual Studio Solution File, Format Version 12.00
# Visual Studio 15
VisualStudioVersion = 15.0.27130.2024
MinimumVisualStudioVersion = 10.0.40219.1
Project("{8BC9CEB8-8B4A-11D0-8D11-00A0C91BC942}") = "Project1", "Project1.vcxproj", "{E8084AF0-AC59-4F3B-A4E4-D96CF0C341FB}"
EndProject
Global
	GlobalSection(SolutionConfigurationPlatforms) = preSolution
		Debug|x64 = Debug|x64
		Debug|x86 = Debug|x86
		Release|x64 = Release|x64
		Release|x86 = Release|x86
	EndGlobalSection
	GlobalSection(ProjectConfigurationPlatforms) = postSolution
		{E8084AF0-AC59-4F3B-A4E4-D96CF0C341FB}.Debug|x64.ActiveCfg = Debug|x64
		{E8084AF0-AC59-4F3B-A4E4-D96CF0C341FB}.Debug|x64.Build.0 = Debug|x64
		{E8084AF0-AC59-4F3B-A4E4-D96CF0C341FB}.Debug|x86.ActiveCfg = Debug|Win32
		{E8084AF0-AC59-4F3B-A4E4-D96CF0C341FB}.Debug|x86.Build.0 = Debug|Win32
		{E8084AF0-AC59-4F3B-A4E4-D96CF0C341FB}.Release|x64.ActiveCfg = Release|x64
		{E8084AF0-AC59-4F3B-A4E4-D96CF0C341FB}.Release|x64.Build.0 = Release|x64
		{E8084AF0-AC59-4F3B-A4E4-D96CF0C341FB}.Release|x86.ActiveCfg = Release|Win32
		{E8084AF0-AC59-4F3B-A4E4-D96CF0C341FB}.Release|x86.Build.0 = Release|Win32
	EndGlobalSection
	GlobalSection(SolutionProperties) = preSolution
		HideSolutionNode = FALSE
	EndGlobalSection
	GlobalSection(ExtensibilityGlobals) = postSolution
		SolutionGuid = {AD6914A5-C840-46A8-BED3-6CDB9281A54F}
	EndGlobalSection
EndGlobal
